
Microsoft Visual Studio Solution File, Format Version 12.00
# Visual Studio Version 16
VisualStudioVersion = 16.0.31729.503
MinimumVisualStudioVersion = 10.0.40219.1
Project("{FAE04EC0-301F-11D3-BF4B-00C04F79EFBC}") = "Lab7", "Lab7\Lab7.csproj", "{D2D1D118-0531-4A8C-B2EF-E9970654E8A3}"
EndProject
Global
	GlobalSection(SolutionConfigurationPlatforms) = preSolution
		Debug|Any CPU = Debug|Any CPU
		Release|Any CPU = Release|Any CPU
	EndGlobalSection
	GlobalSection(ProjectConfigurationPlatforms) = postSolution
		{D2D1D118-0531-4A8C-B2EF-E9970654E8A3}.Debug|Any CPU.ActiveCfg = Debug|Any CPU
		{D2D1D118-0531-4A8C-B2EF-E9970654E8A3}.Debug|Any CPU.Build.0 = Debug|Any CPU
		{D2D1D118-0531-4A8C-B2EF-E9970654E8A3}.Release|Any CPU.ActiveCfg = Release|Any CPU
		{D2D1D118-0531-4A8C-B2EF-E9970654E8A3}.Release|Any CPU.Build.0 = Release|Any CPU
	EndGlobalSection
	GlobalSection(SolutionProperties) = preSolution
		HideSolutionNode = FALSE
	EndGlobalSection
	GlobalSection(ExtensibilityGlobals) = postSolution
		SolutionGuid = {19B54BFC-C479-456C-8ECD-A346A00853B6}
	EndGlobalSection
EndGlobal
